
Microsoft Visual Studio Solution File, Format Version 12.00
# Visual Studio Version 17
VisualStudioVersion = 17.1.32328.378
MinimumVisualStudioVersion = 10.0.40219.1
Project("{FAE04EC0-301F-11D3-BF4B-00C04F79EFBC}") = "EmployeePayrollService", "EmployeePayrollService\EmployeePayrollService.csproj", "{0BA3D3CA-34CF-4759-8CFB-F920DDF11516}"
EndProject
Project("{FAE04EC0-301F-11D3-BF4B-00C04F79EFBC}") = "EmployeePayrollServiceTest", "EmployeePayrollServiceTest\EmployeePayrollServiceTest.csproj", "{0AD9F4FD-3C88-4660-B346-96E865C9DAAD}"
EndProject
Global
	GlobalSection(SolutionConfigurationPlatforms) = preSolution
		Debug|Any CPU = Debug|Any CPU
		Release|Any CPU = Release|Any CPU
	EndGlobalSection
	GlobalSection(ProjectConfigurationPlatforms) = postSolution
		{0BA3D3CA-34CF-4759-8CFB-F920DDF11516}.Debug|Any CPU.ActiveCfg = Debug|Any CPU
		{0BA3D3CA-34CF-4759-8CFB-F920DDF11516}.Debug|Any CPU.Build.0 = Debug|Any CPU
		{0BA3D3CA-34CF-4759-8CFB-F920DDF11516}.Release|Any CPU.ActiveCfg = Release|Any CPU
		{0BA3D3CA-34CF-4759-8CFB-F920DDF11516}.Release|Any CPU.Build.0 = Release|Any CPU
		{0AD9F4FD-3C88-4660-B346-96E865C9DAAD}.Debug|Any CPU.ActiveCfg = Debug|Any CPU
		{0AD9F4FD-3C88-4660-B346-96E865C9DAAD}.Debug|Any CPU.Build.0 = Debug|Any CPU
		{0AD9F4FD-3C88-4660-B346-96E865C9DAAD}.Release|Any CPU.ActiveCfg = Release|Any CPU
		{0AD9F4FD-3C88-4660-B346-96E865C9DAAD}.Release|Any CPU.Build.0 = Release|Any CPU
	EndGlobalSection
	GlobalSection(SolutionProperties) = preSolution
		HideSolutionNode = FALSE
	EndGlobalSection
	GlobalSection(ExtensibilityGlobals) = postSolution
		SolutionGuid = {FAE0BE05-49D2-4FD2-9072-B7E5A73B453B}
	EndGlobalSection
EndGlobal
